PODS:
  - camera (0.0.1):
    - Flutter
  - darwin_camera (0.0.1):
    - Flutter
  - darwin_design_system (0.0.1):
    - Flutter
  - Flutter (1.0.0)
  - flutter_image_compress (0.0.1):
    - Flutter
    - Mantle
  - Mantle (2.1.0):
    - Mantle/extobjc (= 2.1.0)
  - Mantle/extobjc (2.1.0)
  - path_provider (0.0.1):
    - Flutter
  - permission_handler (3.3.0):
    - Flutter

DEPENDENCIES:
  - camera (from `.symlinks/plugins/camera/ios`)
  - darwin_camera (from `.symlinks/plugins/darwin_camera/ios`)
  - darwin_design_system (from `.symlinks/plugins/darwin_design_system/ios`)
  - Flutter (from `Flutter`)
  - flutter_image_compress (from `.symlinks/plugins/flutter_image_compress/ios`)
  - path_provider (from `.symlinks/plugins/path_provider/ios`)
  - permission_handler (from `.symlinks/plugins/permission_handler/ios`)

SPEC REPOS:
  https://github.com/cocoapods/specs.git:
    - Mantle

EXTERNAL SOURCES:
  camera:
    :path: ".symlinks/plugins/camera/ios"
  darwin_camera:
    :path: ".symlinks/plugins/darwin_camera/ios"
  darwin_design_system:
    :path: ".symlinks/plugins/darwin_design_system/ios"
  Flutter:
    :path: Flutter
  flutter_image_compress:
    :path: ".symlinks/plugins/flutter_image_compress/ios"
  path_provider:
    :path: ".symlinks/plugins/path_provider/ios"
  permission_handler:
    :path: ".symlinks/plugins/permission_handler/ios"

SPEC CHECKSUMS:
  camera: 38cc83ae9a5667bb5a71c7d9edaf60a91920fd4e
  darwin_camera: fbdc05392614f393a0761272717f8cfb53c2c565
  darwin_design_system: 0af89108964ce07feb2b63f4210d4fdc069c79ae
  Flutter: 0e3d915762c693b495b44d77113d4970485de6ec
  flutter_image_compress: f69d0e0e078ce52b4810695593bc861ee319ae7d
  Mantle: 2fa750afa478cd625a94230fbf1c13462f29395b
  path_provider: f96fff6166a8867510d2c25fdcc346327cc4b259
  permission_handler: 67637977b227d62d46bfbf524f335f8568de5a73

PODFILE CHECKSUM: 262273b3282c7b673950e15997a2bfdd46690074

COCOAPODS: 1.7.0
